# THIS IS AN AUTOGENERATED FILE. DO NOT EDIT THIS FILE DIRECTLY.
# yarn lockfile v1


"@types/webpack-env@^1.18.5":
  version "1.18.5"
  resolved "https://registry.yarnpkg.com/@types/webpack-env/-/webpack-env-1.18.5.tgz#eccda0b04fe024bed505881e2e532f9c119169bf"
  integrity sha512-wz7kjjRRj8/Lty4B+Kr0LN6Ypc/3SymeCCGSbaXp2leH0ZVg/PriNiOwNj4bD4uphI7A8NXS4b6Gl373sfO5mA==
